
Microsoft Visual Studio Solution File, Format Version 12.00
# Visual Studio Version 17
VisualStudioVersion = 17.3.32901.215
MinimumVisualStudioVersion = 10.0.40219.1
Project("{FAE04EC0-301F-11D3-BF4B-00C04F79EFBC}") = "MapfreTrackingSiniestroVehiculos", "MapfreTrackingSiniestroVehiculos\MapfreTrackingSiniestroVehiculos.csproj", "{F43D7806-7FDE-4CAC-9FA6-7FB0B0F1F6A5}"
EndProject
Project("{FAE04EC0-301F-11D3-BF4B-00C04F79EFBC}") = "MapfreTrackingSiniestroVehiculos.Tests", "MapfreTrackingSiniestroVehiculos.Tests\MapfreTrackingSiniestroVehiculos.Tests.csproj", "{6114A1A5-D632-4895-AE97-4D09D135AF15}"
EndProject
Global
	GlobalSection(SolutionConfigurationPlatforms) = preSolution
		Debug|Any CPU = Debug|Any CPU
		Release|Any CPU = Release|Any CPU
	EndGlobalSection
	GlobalSection(ProjectConfigurationPlatforms) = postSolution
		{F43D7806-7FDE-4CAC-9FA6-7FB0B0F1F6A5}.Debug|Any CPU.ActiveCfg = Debug|Any CPU
		{F43D7806-7FDE-4CAC-9FA6-7FB0B0F1F6A5}.Debug|Any CPU.Build.0 = Debug|Any CPU
		{F43D7806-7FDE-4CAC-9FA6-7FB0B0F1F6A5}.Release|Any CPU.ActiveCfg = Release|Any CPU
		{F43D7806-7FDE-4CAC-9FA6-7FB0B0F1F6A5}.Release|Any CPU.Build.0 = Release|Any CPU
		{6114A1A5-D632-4895-AE97-4D09D135AF15}.Debug|Any CPU.ActiveCfg = Debug|Any CPU
		{6114A1A5-D632-4895-AE97-4D09D135AF15}.Debug|Any CPU.Build.0 = Debug|Any CPU
		{6114A1A5-D632-4895-AE97-4D09D135AF15}.Release|Any CPU.ActiveCfg = Release|Any CPU
		{6114A1A5-D632-4895-AE97-4D09D135AF15}.Release|Any CPU.Build.0 = Release|Any CPU
	EndGlobalSection
	GlobalSection(SolutionProperties) = preSolution
		HideSolutionNode = FALSE
	EndGlobalSection
	GlobalSection(ExtensibilityGlobals) = postSolution
		SolutionGuid = {F672EFAA-7E95-4C6A-A003-8C56F2A28849}
	EndGlobalSection
EndGlobal
